// !$*UTF8*$!
{
	archiveVersion = 1;
	classes = {
	};
	objectVersion = 46;
	objects = {

/* Begin PBXBuildFile section */
		DE0347DC19D4AF4600CC9431 /* main.m in Sources */ = {isa = PBXBuildFile; fileRef = DE0347DB19D4AF4600CC9431 /* main.m */; };
		DE0347DF19D4AF4600CC9431 /* AppDelegate.m in Sources */ = {isa = PBXBuildFile; fileRef = DE0347DE19D4AF4600CC9431 /* AppDelegate.m */; };
		DE0347E219D4AF4600CC9431 /* ViewController.m in Sources */ = {isa = PBXBuildFile; fileRef = DE0347E119D4AF4600CC9431 /* ViewController.m */; };
		DE0347E519D4AF4600CC9431 /* Main.storyboard in Resources */ = {isa = PBXBuildFile; fileRef = DE0347E319D4AF4600CC9431 /* Main.storyboard */; };
		DE0347E719D4AF4600CC9431 /* Images.xcassets in Resources */ = {isa = PBXBuildFile; fileRef = DE0347E619D4AF4600CC9431 /* Images.xcassets */; };
		DE0347EA19D4AF4600CC9431 /* LaunchScreen.xib in Resources */ = {isa = PBXBuildFile; fileRef = DE0347E819D4AF4600CC9431 /* LaunchScreen.xib */; };
		DE0347F619D4AF4600CC9431 /* QuickLinkerTests.m in Sources */ = {isa = PBXBuildFile; fileRef = DE0347F519D4AF4600CC9431 /* QuickLinkerTests.m */; };
		DE03480619D4B18A00CC9431 /* ToolBarView.m in Sources */ = {isa = PBXBuildFile; fileRef = DE03480519D4B18A00CC9431 /* ToolBarView.m */; };
		DE44CEDE19D648210011B9E1 /* DragButtonsViewController.m in Sources */ = {isa = PBXBuildFile; fileRef = DE44CED919D648210011B9E1 /* DragButtonsViewController.m */; };
		DE44CEDF19D648210011B9E1 /* PreviewViewController.m in Sources */ = {isa = PBXBuildFile; fileRef = DE44CEDB19D648210011B9E1 /* PreviewViewController.m */; };
		DE44CEE019D648210011B9E1 /* SettingViewController.m in Sources */ = {isa = PBXBuildFile; fileRef = DE44CEDD19D648210011B9E1 /* SettingViewController.m */; };
		DE44CEE619D648270011B9E1 /* MRFlipTransition.m in Sources */ = {isa = PBXBuildFile; fileRef = DE44CEE319D648270011B9E1 /* MRFlipTransition.m */; };
		DE44CEE719D648270011B9E1 /* UIViewController+MRFlipTransitino.m in Sources */ = {isa = PBXBuildFile; fileRef = DE44CEE519D648270011B9E1 /* UIViewController+MRFlipTransitino.m */; };
		DE44CEEA19D6482F0011B9E1 /* UIDragView.m in Sources */ = {isa = PBXBuildFile; fileRef = DE44CEE919D6482F0011B9E1 /* UIDragView.m */; };
		DE44CEFB19D65E370011B9E1 /* 1.png in Resources */ = {isa = PBXBuildFile; fileRef = DE44CEEF19D65E370011B9E1 /* 1.png */; };
		DE44CEFC19D65E370011B9E1 /* 10.png in Resources */ = {isa = PBXBuildFile; fileRef = DE44CEF019D65E370011B9E1 /* 10.png */; };
		DE44CEFD19D65E370011B9E1 /* 2.png in Resources */ = {isa = PBXBuildFile; fileRef = DE44CEF119D65E370011B9E1 /* 2.png */; };
		DE44CEFE19D65E370011B9E1 /* 3.png in Resources */ = {isa = PBXBuildFile; fileRef = DE44CEF219D65E370011B9E1 /* 3.png */; };
		DE44CEFF19D65E370011B9E1 /* 4.png in Resources */ = {isa = PBXBuildFile; fileRef = DE44CEF319D65E370011B9E1 /* 4.png */; };
		DE44CF0019D65E370011B9E1 /* 5.png in Resources */ = {isa = PBXBuildFile; fileRef = DE44CEF419D65E370011B9E1 /* 5.png */; };
		DE44CF0119D65E370011B9E1 /* 6.png in Resources */ = {isa = PBXBuildFile; fileRef = DE44CEF519D65E370011B9E1 /* 6.png */; };
		DE44CF0219D65E370011B9E1 /* 8.png in Resources */ = {isa = PBXBuildFile; fileRef = DE44CEF619D65E370011B9E1 /* 8.png */; };
		DE44CF0319D65E370011B9E1 /* 9.png in Resources */ = {isa = PBXBuildFile; fileRef = DE44CEF719D65E370011B9E1 /* 9.png */; };
		DE44CF0419D65E370011B9E1 /* DragViewDelete.png in Resources */ = {isa = PBXBuildFile; fileRef = DE44CEF819D65E370011B9E1 /* DragViewDelete.png */; };
/* End PBXBuildFile section */

/* Begin PBXContainerItemProxy section */
		DE0347F019D4AF4600CC9431 /* PBXContainerItemProxy */ = {
			isa = PBXContainerItemProxy;
			containerPortal = DE0347CE19D4AF4600CC9431 /* Project object */;
			proxyType = 1;
			remoteGlobalIDString = DE0347D519D4AF4600CC9431;
			remoteInfo = QuickLinker;
		};
/* End PBXContainerItemProxy section */

/* Begin PBXFileReference section */
		DE0347D619D4AF4600CC9431 /* QuickLinker.app */ = {isa = PBXFileReference; explicitFileType = wrapper.application; includeInIndex = 0; path = QuickLinker.app; sourceTree = BUILT_PRODUCTS_DIR; };
		DE0347DA19D4AF4600CC9431 /* Info.plist */ = {isa = PBXFileReference; lastKnownFileType = text.plist.xml; path = Info.plist; sourceTree = "<group>"; };
		DE0347DB19D4AF4600CC9431 /* main.m */ = {isa = PBXFileReference; lastKnownFileType = sourcecode.c.objc; path = main.m; sourceTree = "<group>"; };
		DE0347DD19D4AF4600CC9431 /* AppDelegate.h */ = {isa = PBXFileReference; lastKnownFileType = sourcecode.c.h; path = AppDelegate.h; sourceTree = "<group>"; };
		DE0347DE19D4AF4600CC9431 /* AppDelegate.m */ = {isa = PBXFileReference; lastKnownFileType = sourcecode.c.objc; path = AppDelegate.m; sourceTree = "<group>"; };
		DE0347E019D4AF4600CC9431 /* ViewController.h */ = {isa = PBXFileReference; lastKnownFileType = sourcecode.c.h; name = ViewController.h; path = QuickLinker/ViewController.h; sourceTree = SOURCE_ROOT; };
		DE0347E119D4AF4600CC9431 /* ViewController.m */ = {isa = PBXFileReference; lastKnownFileType = sourcecode.c.objc; name = ViewController.m; path = QuickLinker/ViewController.m; sourceTree = SOURCE_ROOT; };
		DE0347E419D4AF4600CC9431 /* Base */ = {isa = PBXFileReference; lastKnownFileType = file.storyboard; name = Base; path = Base.lproj/Main.storyboard; sourceTree = "<group>"; };
		DE0347E619D4AF4600CC9431 /* Images.xcassets */ = {isa = PBXFileReference; lastKnownFileType = folder.assetcatalog; path = Images.xcassets; sourceTree = "<group>"; };
		DE0347E919D4AF4600CC9431 /* Base */ = {isa = PBXFileReference; lastKnownFileType = file.xib; name = Base; path = Base.lproj/LaunchScreen.xib; sourceTree = "<group>"; };
		DE0347EF19D4AF4600CC9431 /* QuickLinkerTests.xctest */ = {isa = PBXFileReference; explicitFileType = wrapper.cfbundle; includeInIndex = 0; path = QuickLinkerTests.xctest; sourceTree = BUILT_PRODUCTS_DIR; };
		DE0347F419D4AF4600CC9431 /* Info.plist */ = {isa = PBXFileReference; lastKnownFileType = text.plist.xml; path = Info.plist; sourceTree = "<group>"; };
		DE0347F519D4AF4600CC9431 /* QuickLinkerTests.m */ = {isa = PBXFileReference; lastKnownFileType = sourcecode.c.objc; path = QuickLinkerTests.m; sourceTree = "<group>"; };
		DE03480419D4B18A00CC9431 /* ToolBarView.h */ = {isa = PBXFileReference; fileEncoding = 4; lastKnownFileType = sourcecode.c.h; path = ToolBarView.h; sourceTree = "<group>"; };
		DE03480519D4B18A00CC9431 /* ToolBarView.m */ = {isa = PBXFileReference; fileEncoding = 4; lastKnownFileType = sourcecode.c.objc; path = ToolBarView.m; sourceTree = "<group>"; };
		DE44CED819D648210011B9E1 /* DragButtonsViewController.h */ = {isa = PBXFileReference; fileEncoding = 4; lastKnownFileType = sourcecode.c.h; path = DragButtonsViewController.h; sourceTree = "<group>"; };
		DE44CED919D648210011B9E1 /* DragButtonsViewController.m */ = {isa = PBXFileReference; fileEncoding = 4; lastKnownFileType = sourcecode.c.objc; path = DragButtonsViewController.m; sourceTree = "<group>"; };
		DE44CEDA19D648210011B9E1 /* PreviewViewController.h */ = {isa = PBXFileReference; fileEncoding = 4; lastKnownFileType = sourcecode.c.h; path = PreviewViewController.h; sourceTree = "<group>"; };
		DE44CEDB19D648210011B9E1 /* PreviewViewController.m */ = {isa = PBXFileReference; fileEncoding = 4; lastKnownFileType = sourcecode.c.objc; path = PreviewViewController.m; sourceTree = "<group>"; };
		DE44CEDC19D648210011B9E1 /* SettingViewController.h */ = {isa = PBXFileReference; fileEncoding = 4; lastKnownFileType = sourcecode.c.h; path = SettingViewController.h; sourceTree = "<group>"; };
		DE44CEDD19D648210011B9E1 /* SettingViewController.m */ = {isa = PBXFileReference; fileEncoding = 4; lastKnownFileType = sourcecode.c.objc; path = SettingViewController.m; sourceTree = "<group>"; };
		DE44CEE219D648270011B9E1 /* MRFlipTransition.h */ = {isa = PBXFileReference; fileEncoding = 4; lastKnownFileType = sourcecode.c.h; path = MRFlipTransition.h; sourceTree = "<group>"; };
		DE44CEE319D648270011B9E1 /* MRFlipTransition.m */ = {isa = PBXFileReference; fileEncoding = 4; lastKnownFileType = sourcecode.c.objc; path = MRFlipTransition.m; sourceTree = "<group>"; };
		DE44CEE419D648270011B9E1 /* UIViewController+MRFlipTransitino.h */ = {isa = PBXFileReference; fileEncoding = 4; lastKnownFileType = sourcecode.c.h; path = "UIViewController+MRFlipTransitino.h"; sourceTree = "<group>"; };
		DE44CEE519D648270011B9E1 /* UIViewController+MRFlipTransitino.m */ = {isa = PBXFileReference; fileEncoding = 4; lastKnownFileType = sourcecode.c.objc; path = "UIViewController+MRFlipTransitino.m"; sourceTree = "<group>"; };
		DE44CEE819D6482F0011B9E1 /* UIDragView.h */ = {isa = PBXFileReference; fileEncoding = 4; lastKnownFileType = sourcecode.c.h; path = UIDragView.h; sourceTree = "<group>"; };
		DE44CEE919D6482F0011B9E1 /* UIDragView.m */ = {isa = PBXFileReference; fileEncoding = 4; lastKnownFileType = sourcecode.c.objc; path = UIDragView.m; sourceTree = "<group>"; };
		DE44CEEF19D65E370011B9E1 /* 1.png */ = {isa = PBXFileReference; lastKnownFileType = image.png; path = 1.png; sourceTree = "<group>"; };
		DE44CEF019D65E370011B9E1 /* 10.png */ = {isa = PBXFileReference; lastKnownFileType = image.png; path = 10.png; sourceTree = "<group>"; };
		DE44CEF119D65E370011B9E1 /* 2.png */ = {isa = PBXFileReference; lastKnownFileType = image.png; path = 2.png; sourceTree = "<group>"; };
		DE44CEF219D65E370011B9E1 /* 3.png */ = {isa = PBXFileReference; lastKnownFileType = image.png; path = 3.png; sourceTree = "<group>"; };
		DE44CEF319D65E370011B9E1 /* 4.png */ = {isa = PBXFileReference; lastKnownFileType = image.png; path = 4.png; sourceTree = "<group>"; };
		DE44CEF419D65E370011B9E1 /* 5.png */ = {isa = PBXFileReference; lastKnownFileType = image.png; path = 5.png; sourceTree = "<group>"; };
		DE44CEF519D65E370011B9E1 /* 6.png */ = {isa = PBXFileReference; lastKnownFileType = image.png; path = 6.png; sourceTree = "<group>"; };
		DE44CEF619D65E370011B9E1 /* 8.png */ = {isa = PBXFileReference; lastKnownFileType = image.png; path = 8.png; sourceTree = "<group>"; };
		DE44CEF719D65E370011B9E1 /* 9.png */ = {isa = PBXFileReference; lastKnownFileType = image.png; path = 9.png; sourceTree = "<group>"; };
		DE44CEF819D65E370011B9E1 /* DragViewDelete.png */ = {isa = PBXFileReference; lastKnownFileType = image.png; path = DragViewDelete.png; sourceTree = "<group>"; };
/* End PBXFileReference section */

/* Begin PBXFrameworksBuildPhase section */
		DE0347D319D4AF4600CC9431 /* Frameworks */ = {
			isa = PBXFrameworksBuildPhase;
			buildActionMask = 2147483647;
			files = (
			);
			runOnlyForDeploymentPostprocessing = 0;
		};
		DE0347EC19D4AF4600CC9431 /* Frameworks */ = {
			isa = PBXFrameworksBuildPhase;
			buildActionMask = 2147483647;
			files = (
			);
			runOnlyForDeploymentPostprocessing = 0;
		};
/* End PBXFrameworksBuildPhase section */

/* Begin PBXGroup section */
		DE0347CD19D4AF4600CC9431 = {
			isa = PBXGroup;
			children = (
				DE0347D819D4AF4600CC9431 /* QuickLinker */,
				DE0347F219D4AF4600CC9431 /* QuickLinkerTests */,
				DE0347D719D4AF4600CC9431 /* Products */,
			);
			sourceTree = "<group>";
		};
		DE0347D719D4AF4600CC9431 /* Products */ = {
			isa = PBXGroup;
			children = (
				DE0347D619D4AF4600CC9431 /* QuickLinker.app */,
				DE0347EF19D4AF4600CC9431 /* QuickLinkerTests.xctest */,
			);
			name = Products;
			sourceTree = "<group>";
		};
		DE0347D819D4AF4600CC9431 /* QuickLinker */ = {
			isa = PBXGroup;
			children = (
				DE44CED719D648210011B9E1 /* ViewController */,
				DE03480319D4B18A00CC9431 /* View */,
				DE0347E319D4AF4600CC9431 /* Main.storyboard */,
				DE0347E619D4AF4600CC9431 /* Images.xcassets */,
				DE0347E819D4AF4600CC9431 /* LaunchScreen.xib */,
				DE44CEE119D648270011B9E1 /* ThirdPartyTools */,
				DE44CEED19D65E370011B9E1 /* Image */,
				DE0347D919D4AF4600CC9431 /* Supporting Files */,
			);
			path = QuickLinker;
			sourceTree = "<group>";
		};
		DE0347D919D4AF4600CC9431 /* Supporting Files */ = {
			isa = PBXGroup;
			children = (
				DE0347DD19D4AF4600CC9431 /* AppDelegate.h */,
				DE0347DE19D4AF4600CC9431 /* AppDelegate.m */,
				DE0347DA19D4AF4600CC9431 /* Info.plist */,
				DE0347DB19D4AF4600CC9431 /* main.m */,
			);
			name = "Supporting Files";
			sourceTree = "<group>";
		};
		DE0347F219D4AF4600CC9431 /* QuickLinkerTests */ = {
			isa = PBXGroup;
			children = (
				DE0347F519D4AF4600CC9431 /* QuickLinkerTests.m */,
				DE0347F319D4AF4600CC9431 /* Supporting Files */,
			);
			path = QuickLinkerTests;
			sourceTree = "<group>";
		};
		DE0347F319D4AF4600CC9431 /* Supporting Files */ = {
			isa = PBXGroup;
			children = (
				DE0347F419D4AF4600CC9431 /* Info.plist */,
			);
			name = "Supporting Files";
			sourceTree = "<group>";
		};
		DE03480319D4B18A00CC9431 /* View */ = {
			isa = PBXGroup;
			children = (
				DE44CEE819D6482F0011B9E1 /* UIDragView.h */,
				DE44CEE919D6482F0011B9E1 /* UIDragView.m */,
				DE03480419D4B18A00CC9431 /* ToolBarView.h */,
				DE03480519D4B18A00CC9431 /* ToolBarView.m */,
			);
			path = View;
			sourceTree = "<group>";
		};
		DE44CED719D648210011B9E1 /* ViewController */ = {
			isa = PBXGroup;
			children = (
				DE0347E019D4AF4600CC9431 /* ViewController.h */,
				DE0347E119D4AF4600CC9431 /* ViewController.m */,
				DE44CED819D648210011B9E1 /* DragButtonsViewController.h */,
				DE44CED919D648210011B9E1 /* DragButtonsViewController.m */,
				DE44CEDA19D648210011B9E1 /* PreviewViewController.h */,
				DE44CEDB19D648210011B9E1 /* PreviewViewController.m */,
				DE44CEDC19D648210011B9E1 /* SettingViewController.h */,
				DE44CEDD19D648210011B9E1 /* SettingViewController.m */,
			);
			path = ViewController;
			sourceTree = "<group>";
		};
		DE44CEE119D648270011B9E1 /* ThirdPartyTools */ = {
			isa = PBXGroup;
			children = (
				DE44CEE219D648270011B9E1 /* MRFlipTransition.h */,
				DE44CEE319D648270011B9E1 /* MRFlipTransition.m */,
				DE44CEE419D648270011B9E1 /* UIViewController+MRFlipTransitino.h */,
				DE44CEE519D648270011B9E1 /* UIViewController+MRFlipTransitino.m */,
			);
			path = ThirdPartyTools;
			sourceTree = "<group>";
		};
		DE44CEED19D65E370011B9E1 /* Image */ = {
			isa = PBXGroup;
			children = (
				DE44CEEE19D65E370011B9E1 /* MainView */,
				DE44CEF919D65E370011B9E1 /* Preview */,
				DE44CEFA19D65E370011B9E1 /* Setting */,
			);
			path = Image;
			sourceTree = "<group>";
		};
		DE44CEEE19D65E370011B9E1 /* MainView */ = {
			isa = PBXGroup;
			children = (
				DE44CEEF19D65E370011B9E1 /* 1.png */,
				DE44CEF019D65E370011B9E1 /* 10.png */,
				DE44CEF119D65E370011B9E1 /* 2.png */,
				DE44CEF219D65E370011B9E1 /* 3.png */,
				DE44CEF319D65E370011B9E1 /* 4.png */,
				DE44CEF419D65E370011B9E1 /* 5.png */,
				DE44CEF519D65E370011B9E1 /* 6.png */,
				DE44CEF619D65E370011B9E1 /* 8.png */,
				DE44CEF719D65E370011B9E1 /* 9.png */,
				DE44CEF819D65E370011B9E1 /* DragViewDelete.png */,
			);
			path = MainView;
			sourceTree = "<group>";
		};
		DE44CEF919D65E370011B9E1 /* Preview */ = {
			isa = PBXGroup;
			children = (
			);
			path = Preview;
			sourceTree = "<group>";
		};
		DE44CEFA19D65E370011B9E1 /* Setting */ = {
			isa = PBXGroup;
			children = (
			);
			path = Setting;
			sourceTree = "<group>";
		};
/* End PBXGroup section */

/* Begin PBXNativeTarget section */
		DE0347D519D4AF4600CC9431 /* QuickLinker */ = {
			isa = PBXNativeTarget;
			buildConfigurationList = DE0347F919D4AF4600CC9431 /* Build configuration list for PBXNativeTarget "QuickLinker" */;
			buildPhases = (
				DE0347D219D4AF4600CC9431 /* Sources */,
				DE0347D319D4AF4600CC9431 /* Frameworks */,
				DE0347D419D4AF4600CC9431 /* Resources */,
			);
			buildRules = (
			);
			dependencies = (
			);
			name = QuickLinker;
			productName = QuickLinker;
			productReference = DE0347D619D4AF4600CC9431 /* QuickLinker.app */;
			productType = "com.apple.product-type.application";
		};
		DE0347EE19D4AF4600CC9431 /* QuickLinkerTests */ = {
			isa = PBXNativeTarget;
			buildConfigurationList = DE0347FC19D4AF4600CC9431 /* Build configuration list for PBXNativeTarget "QuickLinkerTests" */;
			buildPhases = (
				DE0347EB19D4AF4600CC9431 /* Sources */,
				DE0347EC19D4AF4600CC9431 /* Frameworks */,
				DE0347ED19D4AF4600CC9431 /* Resources */,
			);
			buildRules = (
			);
			dependencies = (
				DE0347F119D4AF4600CC9431 /* PBXTargetDependency */,
			);
			name = QuickLinkerTests;
			productName = QuickLinkerTests;
			productReference = DE0347EF19D4AF4600CC9431 /* QuickLinkerTests.xctest */;
			productType = "com.apple.product-type.bundle.unit-test";
		};
/* End PBXNativeTarget section */

/* Begin PBXProject section */
		DE0347CE19D4AF4600CC9431 /* Project object */ = {
			isa = PBXProject;
			attributes = {
				LastUpgradeCheck = 0600;
				ORGANIZATIONNAME = "施杰";
				TargetAttributes = {
					DE0347D519D4AF4600CC9431 = {
						CreatedOnToolsVersion = 6.0.1;
					};
					DE0347EE19D4AF4600CC9431 = {
						CreatedOnToolsVersion = 6.0.1;
						TestTargetID = DE0347D519D4AF4600CC9431;
					};
				};
			};
			buildConfigurationList = DE0347D119D4AF4600CC9431 /* Build configuration list for PBXProject "QuickLinker" */;
			compatibilityVersion = "Xcode 3.2";
			developmentRegion = English;
			hasScannedForEncodings = 0;
			knownRegions = (
				en,
				Base,
			);
			mainGroup = DE0347CD19D4AF4600CC9431;
			productRefGroup = DE0347D719D4AF4600CC9431 /* Products */;
			projectDirPath = "";
			projectRoot = "";
			targets = (
				DE0347D519D4AF4600CC9431 /* QuickLinker */,
				DE0347EE19D4AF4600CC9431 /* QuickLinkerTests */,
			);
		};
/* End PBXProject section */

/* Begin PBXResourcesBuildPhase section */
		DE0347D419D4AF4600CC9431 /* Resources */ = {
			isa = PBXResourcesBuildPhase;
			buildActionMask = 2147483647;
			files = (
				DE44CF0219D65E370011B9E1 /* 8.png in Resources */,
				DE44CEFD19D65E370011B9E1 /* 2.png in Resources */,
				DE44CEFC19D65E370011B9E1 /* 10.png in Resources */,
				DE0347E519D4AF4600CC9431 /* Main.storyboard in Resources */,
				DE44CEFB19D65E370011B9E1 /* 1.png in Resources */,
				DE44CF0119D65E370011B9E1 /* 6.png in Resources */,
				DE44CEFF19D65E370011B9E1 /* 4.png in Resources */,
				DE0347EA19D4AF4600CC9431 /* LaunchScreen.xib in Resources */,
				DE44CF0019D65E370011B9E1 /* 5.png in Resources */,
				DE44CF0319D65E370011B9E1 /* 9.png in Resources */,
				DE44CEFE19D65E370011B9E1 /* 3.png in Resources */,
				DE0347E719D4AF4600CC9431 /* Images.xcassets in Resources */,
				DE44CF0419D65E370011B9E1 /* DragViewDelete.png in Resources */,
			);
			runOnlyForDeploymentPostprocessing = 0;
		};
		DE0347ED19D4AF4600CC9431 /* Resources */ = {
			isa = PBXResourcesBuildPhase;
			buildActionMask = 2147483647;
			files = (
			);
			runOnlyForDeploymentPostprocessing = 0;
		};
/* End PBXResourcesBuildPhase section */

/* Begin PBXSourcesBuildPhase section */
		DE0347D219D4AF4600CC9431 /* Sources */ = {
			isa = PBXSourcesBuildPhase;
			buildActionMask = 2147483647;
			files = (
				DE0347E219D4AF4600CC9431 /* ViewController.m in Sources */,
				DE0347DF19D4AF4600CC9431 /* AppDelegate.m in Sources */,
				DE44CEE619D648270011B9E1 /* MRFlipTransition.m in Sources */,
				DE03480619D4B18A00CC9431 /* ToolBarView.m in Sources */,
				DE44CEEA19D6482F0011B9E1 /* UIDragView.m in Sources */,
				DE44CEE019D648210011B9E1 /* SettingViewController.m in Sources */,
				DE44CEE719D648270011B9E1 /* UIViewController+MRFlipTransitino.m in Sources */,
				DE44CEDE19D648210011B9E1 /* DragButtonsViewController.m in Sources */,
				DE0347DC19D4AF4600CC9431 /* main.m in Sources */,
				DE44CEDF19D648210011B9E1 /* PreviewViewController.m in Sources */,
			);
			runOnlyForDeploymentPostprocessing = 0;
		};
		DE0347EB19D4AF4600CC9431 /* Sources */ = {
			isa = PBXSourcesBuildPhase;
			buildActionMask = 2147483647;
			files = (
				DE0347F619D4AF4600CC9431 /* QuickLinkerTests.m in Sources */,
			);
			runOnlyForDeploymentPostprocessing = 0;
		};
/* End PBXSourcesBuildPhase section */

/* Begin PBXTargetDependency section */
		DE0347F119D4AF4600CC9431 /* PBXTargetDependency */ = {
			isa = PBXTargetDependency;
			target = DE0347D519D4AF4600CC9431 /* QuickLinker */;
			targetProxy = DE0347F019D4AF4600CC9431 /* PBXContainerItemProxy */;
		};
/* End PBXTargetDependency section */

/* Begin PBXVariantGroup section */
		DE0347E319D4AF4600CC9431 /* Main.storyboard */ = {
			isa = PBXVariantGroup;
			children = (
				DE0347E419D4AF4600CC9431 /* Base */,
			);
			name = Main.storyboard;
			sourceTree = "<group>";
		};
		DE0347E819D4AF4600CC9431 /* LaunchScreen.xib */ = {
			isa = PBXVariantGroup;
			children = (
				DE0347E919D4AF4600CC9431 /* Base */,
			);
			name = LaunchScreen.xib;
			sourceTree = "<group>";
		};
/* End PBXVariantGroup section */

/* Begin XCBuildConfiguration section */
		DE0347F719D4AF4600CC9431 /* Debug */ = {
			isa = XCBuildConfiguration;
			buildSettings = {
				ALWAYS_SEARCH_USER_PATHS = NO;
				CLANG_CXX_LANGUAGE_STANDARD = "gnu++0x";
				CLANG_CXX_LIBRARY = "libc++";
				CLANG_ENABLE_MODULES = YES;
				CLANG_ENABLE_OBJC_ARC = YES;
				CLANG_WARN_BOOL_CONVERSION = YES;
				CLANG_WARN_CONSTANT_CONVERSION = YES;
				CLANG_WARN_DIRECT_OBJC_ISA_USAGE = YES_ERROR;
				CLANG_WARN_EMPTY_BODY = YES;
				CLANG_WARN_ENUM_CONVERSION = YES;
				CLANG_WARN_INT_CONVERSION = YES;
				CLANG_WARN_OBJC_ROOT_CLASS = YES_ERROR;
				CLANG_WARN_UNREACHABLE_CODE = YES;
				CLANG_WARN__DUPLICATE_METHOD_MATCH = YES;
				"CODE_SIGN_IDENTITY[sdk=iphoneos*]" = "iPhone Developer";
				COPY_PHASE_STRIP = NO;
				ENABLE_STRICT_OBJC_MSGSEND = YES;
				GCC_C_LANGUAGE_STANDARD = gnu99;
				GCC_DYNAMIC_NO_PIC = NO;
				GCC_OPTIMIZATION_LEVEL = 0;
				GCC_PREPROCESSOR_DEFINITIONS = (
					"DEBUG=1",
					"$(inherited)",
				);
				GCC_SYMBOLS_PRIVATE_EXTERN = NO;
				GCC_WARN_64_TO_32_BIT_CONVERSION = YES;
				GCC_WARN_ABOUT_RETURN_TYPE = YES_ERROR;
				GCC_WARN_UNDECLARED_SELECTOR = YES;
				GCC_WARN_UNINITIALIZED_AUTOS = YES_AGGRESSIVE;
				GCC_WARN_UNUSED_FUNCTION = YES;
				GCC_WARN_UNUSED_VARIABLE = YES;
				IPHONEOS_DEPLOYMENT_TARGET = 8.0;
				MTL_ENABLE_DEBUG_INFO = YES;
				ONLY_ACTIVE_ARCH = YES;
				SDKROOT = iphoneos;
			};
			name = Debug;
		};
		DE0347F819D4AF4600CC9431 /* Release */ = {
			isa = XCBuildConfiguration;
			buildSettings = {
				ALWAYS_SEARCH_USER_PATHS = NO;
				CLANG_CXX_LANGUAGE_STANDARD = "gnu++0x";
				CLANG_CXX_LIBRARY = "libc++";
				CLANG_ENABLE_MODULES = YES;
				CLANG_ENABLE_OBJC_ARC = YES;
				CLANG_WARN_BOOL_CONVERSION = YES;
				CLANG_WARN_CONSTANT_CONVERSION = YES;
				CLANG_WARN_DIRECT_OBJC_ISA_USAGE = YES_ERROR;
				CLANG_WARN_EMPTY_BODY = YES;
				CLANG_WARN_ENUM_CONVERSION = YES;
				CLANG_WARN_INT_CONVERSION = YES;
				CLANG_WARN_OBJC_ROOT_CLASS = YES_ERROR;
				CLANG_WARN_UNREACHABLE_CODE = YES;
				CLANG_WARN__DUPLICATE_METHOD_MATCH = YES;
				"CODE_SIGN_IDENTITY[sdk=iphoneos*]" = "iPhone Developer";
				COPY_PHASE_STRIP = YES;
				ENABLE_NS_ASSERTIONS = NO;
				ENABLE_STRICT_OBJC_MSGSEND = YES;
				GCC_C_LANGUAGE_STANDARD = gnu99;
				GCC_WARN_64_TO_32_BIT_CONVERSION = YES;
				GCC_WARN_ABOUT_RETURN_TYPE = YES_ERROR;
				GCC_WARN_UNDECLARED_SELECTOR = YES;
				GCC_WARN_UNINITIALIZED_AUTOS = YES_AGGRESSIVE;
				GCC_WARN_UNUSED_FUNCTION = YES;
				GCC_WARN_UNUSED_VARIABLE = YES;
				IPHONEOS_DEPLOYMENT_TARGET = 8.0;
				MTL_ENABLE_DEBUG_INFO = NO;
				SDKROOT = iphoneos;
				VALIDATE_PRODUCT = YES;
			};
			name = Release;
		};
		DE0347FA19D4AF4600CC9431 /* Debug */ = {
			isa = XCBuildConfiguration;
			buildSettings = {
				ASSETCATALOG_COMPILER_APPICON_NAME = AppIcon;
				INFOPLIST_FILE = QuickLinker/Info.plist;
				LD_RUNPATH_SEARCH_PATHS = "$(inherited) @executable_path/Frameworks";
				PRODUCT_NAME = "$(TARGET_NAME)";
			};
			name = Debug;
		};
		DE0347FB19D4AF4600CC9431 /* Release */ = {
			isa = XCBuildConfiguration;
			buildSettings = {
				ASSETCATALOG_COMPILER_APPICON_NAME = AppIcon;
				INFOPLIST_FILE = QuickLinker/Info.plist;
				LD_RUNPATH_SEARCH_PATHS = "$(inherited) @executable_path/Frameworks";
				PRODUCT_NAME = "$(TARGET_NAME)";
			};
			name = Release;
		};
		DE0347FD19D4AF4600CC9431 /* Debug */ = {
			isa = XCBuildConfiguration;
			buildSettings = {
				BUNDLE_LOADER = "$(TEST_HOST)";
				FRAMEWORK_SEARCH_PATHS = (
					"$(SDKROOT)/Developer/Library/Frameworks",
					"$(inherited)",
				);
				GCC_PREPROCESSOR_DEFINITIONS = (
					"DEBUG=1",
					"$(inherited)",
				);
				INFOPLIST_FILE = QuickLinkerTests/Info.plist;
				LD_RUNPATH_SEARCH_PATHS = "$(inherited) @executable_path/Frameworks @loader_path/Frameworks";
				PRODUCT_NAME = "$(TARGET_NAME)";
				TEST_HOST = "$(BUILT_PRODUCTS_DIR)/QuickLinker.app/QuickLinker";
			};
			name = Debug;
		};
		DE0347FE19D4AF4600CC9431 /* Release */ = {
			isa = XCBuildConfiguration;
			buildSettings = {
				BUNDLE_LOADER = "$(TEST_HOST)";
				FRAMEWORK_SEARCH_PATHS = (
					"$(SDKROOT)/Developer/Library/Frameworks",
					"$(inherited)",
				);
				INFOPLIST_FILE = QuickLinkerTests/Info.plist;
				LD_RUNPATH_SEARCH_PATHS = "$(inherited) @executable_path/Frameworks @loader_path/Frameworks";
				PRODUCT_NAME = "$(TARGET_NAME)";
				TEST_HOST = "$(BUILT_PRODUCTS_DIR)/QuickLinker.app/QuickLinker";
			};
			name = Release;
		};
/* End XCBuildConfiguration section */

/* Begin XCConfigurationList section */
		DE0347D119D4AF4600CC9431 /* Build configuration list for PBXProject "QuickLinker" */ = {
			isa = XCConfigurationList;
			buildConfigurations = (
				DE0347F719D4AF4600CC9431 /* Debug */,
				DE0347F819D4AF4600CC9431 /* Release */,
			);
			defaultConfigurationIsVisible = 0;
			defaultConfigurationName = Release;
		};
		DE0347F919D4AF4600CC9431 /* Build configuration list for PBXNativeTarget "QuickLinker" */ = {
			isa = XCConfigurationList;
			buildConfigurations = (
				DE0347FA19D4AF4600CC9431 /* Debug */,
				DE0347FB19D4AF4600CC9431 /* Release */,
			);
			defaultConfigurationIsVisible = 0;
			defaultConfigurationName = Release;
		};
		DE0347FC19D4AF4600CC9431 /* Build configuration list for PBXNativeTarget "QuickLinkerTests" */ = {
			isa = XCConfigurationList;
			buildConfigurations = (
				DE0347FD19D4AF4600CC9431 /* Debug */,
				DE0347FE19D4AF4600CC9431 /* Release */,
			);
			defaultConfigurationIsVisible = 0;
			defaultConfigurationName = Release;
		};
/* End XCConfigurationList section */
	};
	rootObject = DE0347CE19D4AF4600CC9431 /* Project object */;
}
